{
  "name": "@tehshrike/shell-escape-tag",
  "version": "1.2.1",
  "lockfileVersion": 1,
  "requires": true,
  "dependencies": {
    "any-shell-escape": {
      "version": "0.1.1",
      "resolved": "https://registry.npmjs.org/any-shell-escape/-/any-shell-escape-0.1.1.tgz",
      "integrity": "sha1-1Vq5ciRMcaml4asIefML8RCAaVk="
    },
    "balanced-match": {
      "version": "1.0.0",
      "resolved": "https://registry.npmjs.org/balanced-match/-/balanced-match-1.0.0.tgz",
      "integrity": "sha1-ibTRmasr7kneFk6gK4nORi1xt2c=",
      "dev": true
    },
    "brace-expansion": {
      "version": "1.1.11",
      "resolved": "https://registry.npmjs.org/brace-expansion/-/brace-expansion-1.1.11.tgz",
      "integrity": "sha512-iCuPHDFgrHX7H2vEI/5xpz07zSHB00TpugqhmYtVmMO6518mCuRMoOYFldEBl0g187ufozdaHgWKcYFb61qGiA==",
      "dev": true,
      "requires": {
        "balanced-match": "1.0.0",
        "concat-map": "0.0.1"
      }
    },
    "combine-arrays": {
      "version": "1.0.2",
      "resolved": "https://registry.npmjs.org/combine-arrays/-/combine-arrays-1.0.2.tgz",
      "integrity": "sha1-GDM/HNBgg/h5Bv5Izv7wxaU3sco=",
      "dev": true
    },
    "concat-map": {
      "version": "0.0.1",
      "resolved": "http://127.0.0.1:5080/tarballs/concat-map/0.0.1.tgz",
      "integrity": "sha1-2Klr13/Wjfd5OnMDajug1UBdR3s=",
      "dev": true
    },
    "deep-equal": {
      "version": "1.0.1",
      "resolved": "https://registry.npmjs.org/deep-equal/-/deep-equal-1.0.1.tgz",
      "integrity": "sha1-9dJgKStmDghO/0zbyfCK0yR0SLU=",
      "dev": true
    },
    "fs.realpath": {
      "version": "1.0.0",
      "resolved": "https://registry.npmjs.org/fs.realpath/-/fs.realpath-1.0.0.tgz",
      "integrity": "sha1-FQStJSMVjKpA20onh8sBQRmU6k8=",
      "dev": true
    },
    "glob": {
      "version": "7.1.1",
      "resolved": "https://registry.npmjs.org/glob/-/glob-7.1.1.tgz",
      "integrity": "sha1-gFIR3wT6rxxjo2ADBs31reULLsg=",
      "dev": true,
      "requires": {
        "fs.realpath": "1.0.0",
        "inflight": "1.0.5",
        "inherits": "2.0.1",
        "minimatch": "3.0.4",
        "once": "1.3.3",
        "path-is-absolute": "1.0.0"
      }
    },
    "glob-module-file": {
      "version": "2.2.1",
      "resolved": "https://registry.npmjs.org/glob-module-file/-/glob-module-file-2.2.1.tgz",
      "integrity": "sha512-DJahUh5PsYgVIV2Fy+aP1FuQQLSYKBjeAu50rFsQofCAEM4J5GmrsEkDD0aSNeYKfvpWf6WUkh2OZ51BuCIdPw==",
      "dev": true,
      "requires": {
        "combine-arrays": "1.0.2",
        "glob": "7.1.1",
        "minimist": "1.2.0",
        "then-denodeify": "1.0.1",
        "to-js-identifier": "1.0.0"
      }
    },
    "inflight": {
      "version": "1.0.5",
      "resolved": "https://registry.npmjs.org/inflight/-/inflight-1.0.5.tgz",
      "integrity": "sha1-2zIEzVqd4ubNiQuFxuL2a89PYgo=",
      "dev": true,
      "requires": {
        "once": "1.3.3",
        "wrappy": "1.0.2"
      }
    },
    "inherits": {
      "version": "2.0.1",
      "resolved": "http://127.0.0.1:5080/tarballs/inherits/2.0.1.tgz",
      "integrity": "sha1-sX0I0ya0Qj5Wjv9xn5GwscvfafE=",
      "dev": true
    },
    "inspect-custom-symbol": {
      "version": "1.1.0",
      "resolved": "https://registry.npmjs.org/inspect-custom-symbol/-/inspect-custom-symbol-1.1.0.tgz",
      "integrity": "sha512-vtI2YXBRZBkU6DlfHfd0GtZENfiEiTacAXUd0ZY6HA+X7aPznpFfPmzSC+tHKXAkz9KDSdI4AYfwAMXR5t+isg=="
    },
    "lodash": {
      "version": "4.17.10",
      "resolved": "https://registry.npmjs.org/lodash/-/lodash-4.17.10.tgz",
      "integrity": "sha512-UejweD1pDoXu+AD825lWwp4ZGtSwgnpZxb3JDViD7StjQz+Nb/6l093lx4OQ0foGWNRoc19mWy7BzL+UAK2iVg=="
    },
    "minimatch": {
      "version": "3.0.4",
      "resolved": "https://registry.npmjs.org/minimatch/-/minimatch-3.0.4.tgz",
      "integrity": "sha512-yJHVQEhyqPLUTgt9B83PXu6W3rx4MvvHvSUvToogpwoGDOUQ+yDrR0HRot+yOCdCO7u4hX3pWft6kWBBcqh0UA==",
      "dev": true,
      "requires": {
        "brace-expansion": "1.1.11"
      }
    },
    "minimist": {
      "version": "1.2.0",
      "resolved": "https://registry.npmjs.org/minimist/-/minimist-1.2.0.tgz",
      "integrity": "sha1-o1AIsg9BOD7sH7kU9M1d95omQoQ=",
      "dev": true
    },
    "once": {
      "version": "1.3.3",
      "resolved": "http://127.0.0.1:5080/tarballs/once/1.3.3.tgz",
      "integrity": "sha1-suJhVXzkwxTsgwTz+oJmPkKXyiA=",
      "dev": true,
      "requires": {
        "wrappy": "1.0.2"
      }
    },
    "path-is-absolute": {
      "version": "1.0.0",
      "resolved": "http://127.0.0.1:5080/tarballs/path-is-absolute/1.0.0.tgz",
      "integrity": "sha1-Jj2tpmqz8vsQv3+dJN2PPlcO+RI=",
      "dev": true
    },
    "reserved": {
      "version": "0.1.2",
      "resolved": "https://registry.npmjs.org/reserved/-/reserved-0.1.2.tgz",
      "integrity": "sha1-cHsSRqMmn3Vdp8/Pmvb0mDvvEFw=",
      "dev": true
    },
    "then-denodeify": {
      "version": "1.0.1",
      "resolved": "https://registry.npmjs.org/then-denodeify/-/then-denodeify-1.0.1.tgz",
      "integrity": "sha1-v2Uf96lKbSXY7wh1AtBXCjjhznw=",
      "dev": true
    },
    "to-js-identifier": {
      "version": "1.0.0",
      "resolved": "https://registry.npmjs.org/to-js-identifier/-/to-js-identifier-1.0.0.tgz",
      "integrity": "sha1-RMluBdvH8cUNVNjv4Lf/4pCtr18=",
      "dev": true,
      "requires": {
        "reserved": "0.1.2"
      }
    },
    "wrappy": {
      "version": "1.0.2",
      "resolved": "https://registry.npmjs.org/wrappy/-/wrappy-1.0.2.tgz",
      "integrity": "sha1-tSQ9jz7BqjXxNkYFvA0QNuMKtp8=",
      "dev": true
    },
    "zora": {
      "version": "2.0.1",
      "resolved": "https://registry.npmjs.org/zora/-/zora-2.0.1.tgz",
      "integrity": "sha512-BHq+KJR3HZLZXU7MDMzAF69cKC6I1EiVzlS3/gFia61FsFx4dbwb3PP9r2q83Kalk5Z65oe+yqvWmqKnuWbp7Q==",
      "dev": true,
      "requires": {
        "deep-equal": "1.0.1"
      }
    }
  }
}
